-- deps.lock — generated by cdeps. Do not edit by hand.
return {
  lockfile_version = 1,
  nanovg = {
    commit = "946f8e5577f53bba1f1eab683ed6501d7254ec47",
    dest = "deps",
    files = {
      {
        path = "deps/fontstash.h",
        sha256 = "1222b567ae1180acc29c4fb13fc101df5a2687196400185fcc8ce0a8541f3b4c",
      },
      {
        path = "deps/nanovg.c",
        sha256 = "9e1b76f1bb7abaf15717360cb49077033ee20a57137fd4be17abcf3cc4b556de",
      },
      {
        path = "deps/nanovg.h",
        sha256 = "736401d6a8b9cb52eb1e2a43f3103a47c7c5c12558d159ae8740f6f4d4475e22",
      },
      {
        path = "deps/snvg_shader.glsl",
        sha256 = "629bd6a420501d391d9e9fe069b047c99eacabbba423ef581555578e08b37268",
      },
      {
        path = "deps/snvg_shader.h",
        sha256 = "6dc0d9ee8dd70b65dec4516e8aee6862a9a7d1e58cdb0a698d183156810e3e6a",
      },
      {
        path = "deps/sokol_app.h",
        sha256 = "0e8266a9494ed9aed414ac52fc6e36543cac801afa220766a5dcc4d2c4c2c0eb",
      },
      {
        path = "deps/sokol_gfx.h",
        sha256 = "99044f0a719eb98e8e85ce5a8b48b0b41c0cdf08b22c02bffc0545d5915537f6",
      },
      {
        path = "deps/sokol_glue.h",
        sha256 = "5fe1ab5a9ab0b7dc8761e1da151cacafea338421d3799745067e7421e28af670",
      },
      {
        path = "deps/sokol_nanovg.h",
        sha256 = "1088ec19fd0b188aaef176122a2f52d31d5201c2bb04f32836af321c43f27a88",
      },
      {
        path = "deps/sokol_time.h",
        sha256 = "0eeb8c1bc9ac2ec4438090f68e2ab0eb85d1daf10643158dec11383a8e8b1872",
      },
      {
        path = "deps/stb_image.h",
        sha256 = "594c2fe35d49488b4382dbfaec8f98366defca819d916ac95becf3e75f4200b3",
      },
      {
        path = "deps/stb_truetype.h",
        sha256 = "ecd30b05e0dd4fea3a13c26810dd9e1992dc379049482c393d5a19e6b5090aab",
      },
    },
    spec_files = {
      "src/**",
      "sokol/sokol_app.h",
      "sokol/sokol_gfx.h",
      "sokol/sokol_glue.h",
      "sokol/sokol_time.h",
    },
    url = "https://github.com/vinnyhorgan/nanovg.git",
  },
}
