-- deps.lock — generated by cdeps. Do not edit by hand.
return {
  lockfile_version = 1,
  raylib = {
    commit = "dbc56a87da87d973a9c5baa4e7438a9d20121d28",
    dest = "deps/raylib",
    tree_sha256 = "5eec63a0880da27e95e59bea17d4f418764ad99700ae29b696d7032e67b86f56",
    url = "https://github.com/raysan5/raylib.git",
  },
}
