-- deps.lock — generated by cdeps. Do not edit by hand.
return {
  cbase = {
    commit = "b0792d06ea5f95cff2837f184af7d09bed9d9f7c",
    dest = "deps",
    files = {
      {
        path = "deps/slog.h",
        sha256 = "d76005a1f5ce1076fe7221c5c068cdc272f82dbaa680f05d7676ba022d4c6bab",
      },
    },
    spec_files = {
      "base/slog.h",
    },
    url = "https://github.com/timwmillard/cbase.git",
  },
  ecewo = {
    commit = "4f6efd7e96cb1083615307a4cc4d88044a4a44af",
    dest = "deps/ecewo",
    tree_sha256 = "0c45d20558aa4f0ae80e2978adaddbff4bde551566949acf933237dc19213928",
    url = "https://github.com/ecewo/ecewo.git",
  },
  ["ecewo-fs"] = {
    commit = "66497c9ab4283893d212210c867889a61015456e",
    dest = "deps/ecewo-fs",
    tree_sha256 = "2a3b2088650602b049e0e3ec396d7773586b4c6191e9ae61fa3b11c12acb9ac9",
    url = "https://github.com/ecewo/ecewo-fs.git",
  },
  ["ecewo-static"] = {
    commit = "44762d11de5ed912e5b14a135b97fbcec31a61ed",
    dest = "deps/ecewo-static",
    tree_sha256 = "3b2e5124729c3dff31ce12a50511314343b3aedab6167a241eb283b54daedf30",
    url = "https://github.com/ecewo/ecewo-static.git",
  },
  libuv = {
    commit = "b556c0629d0fd250b5feefbc91b84c6f5e3dae48",
    dest = "deps/libuv",
    files = {
      {
        path = "deps/libuv/CMakeLists.txt",
        sha256 = "cc174799a1064e089e9e63393480aefd58d6da42abe13e75673c7ec9f80a0f11",
      },
      {
        path = "deps/libuv/configure.ac",
        sha256 = "38949329a20b9f778be2f856256a46055ff769342ac7e07192839d897a5c6a29",
      },
      {
        path = "deps/libuv/include/uv.h",
        sha256 = "fdecc86f7cf2941b3a187ab4aa2f67405e316248ab5198c2582a19886dd8ef13",
      },
      {
        path = "deps/libuv/include/uv/aix.h",
        sha256 = "bed77e4cf6c06f1224e681cbe607eff04713ca0c1e1f4a102e6a6565ee3f02aa",
      },
      {
        path = "deps/libuv/include/uv/bsd.h",
        sha256 = "963533ff4b16f72a204a8c760896a857c54d0ac50570f1793e3bef1f2ae8b35f",
      },
      {
        path = "deps/libuv/include/uv/darwin.h",
        sha256 = "222b6dd3ce67cfbb735b14b1662f065fc23570d6969acf463b39d946b7590d8c",
      },
      {
        path = "deps/libuv/include/uv/errno.h",
        sha256 = "4242edf790e4569ef349026ab4c6e31093334ee5fc02b16ed7a0d9fbacdffd16",
      },
      {
        path = "deps/libuv/include/uv/linux.h",
        sha256 = "adce0ed0821c8466a87a0a4c9e0df9ea7e4a4b24d099c7d7ed196f72a13f669d",
      },
      {
        path = "deps/libuv/include/uv/os390.h",
        sha256 = "98388ae32ce2c4390b82c3529539d2a476c44f590e960ed30a79f72b807ecd02",
      },
      {
        path = "deps/libuv/include/uv/posix.h",
        sha256 = "e9d7218b34e6e89b7b412891b7e2aa8b3a561c5ce9714c1f4def6c8a8593a6a6",
      },
      {
        path = "deps/libuv/include/uv/sunos.h",
        sha256 = "29d4b4ef48dc3c3ab32d75e0a85bcb80e084d42b32aae40d67fc1d882b93298a",
      },
      {
        path = "deps/libuv/include/uv/threadpool.h",
        sha256 = "09ae41099af710289155be012df45c2fce04da6a02e813278b4558935e645938",
      },
      {
        path = "deps/libuv/include/uv/tree.h",
        sha256 = "34393c74082c71ddd5bd9ec4afe30ef03df7fa7bb64be5a50ae070cdfebb5c43",
      },
      {
        path = "deps/libuv/include/uv/unix.h",
        sha256 = "06ccd9e0f3f312b610a7e7a8ff16596988e02796e7a0c81a62e29d5f6abe4613",
      },
      {
        path = "deps/libuv/include/uv/version.h",
        sha256 = "07a5f815cee1c06c0f7adace878fb5e0da2c69da55d6efc88c11ca7fa4431c6b",
      },
      {
        path = "deps/libuv/include/uv/win.h",
        sha256 = "9ad5dd7d5d4d51981f40edfc65a53ab94e91f6a2e73f2bf897e0e697fd9e8233",
      },
      {
        path = "deps/libuv/libuv-static.pc.in",
        sha256 = "2ec52a0b39abc4edea141386333d960e0bac8c94764500c95c3d11c2b5699551",
      },
      {
        path = "deps/libuv/src/fs-poll.c",
        sha256 = "e4869036bc54bc5a881794ca6aac044c9c567361fff48dd7f02f3a4640e6d271",
      },
      {
        path = "deps/libuv/src/heap-inl.h",
        sha256 = "e8dbafbe40150143a740e9b1aff03c4e623ebfe5d6b5e1834a09626a303ddbc2",
      },
      {
        path = "deps/libuv/src/idna.c",
        sha256 = "01da9dc1b716f1320089706ae8fe0998bc73e456ff5bb71f32704868152bc74c",
      },
      {
        path = "deps/libuv/src/idna.h",
        sha256 = "d72fc711db6309e6c6ec0fc777cb0bcbcfa3942262be25d315ac469db2787559",
      },
      {
        path = "deps/libuv/src/inet.c",
        sha256 = "ff244db2646274941af96691e085826fa041adff56326fe28c26ab5610a96e48",
      },
      {
        path = "deps/libuv/src/queue.h",
        sha256 = "abdeddeefb025fcdeff7737d4d465d89081ab2c3cc08a423c042ee2093b8695a",
      },
      {
        path = "deps/libuv/src/random.c",
        sha256 = "025d67c8249a9917964167ba17b325489e5fb8fbd26cff5f4eac6354e0cc5d4d",
      },
      {
        path = "deps/libuv/src/strscpy.c",
        sha256 = "0058568b1a47d2a35ce3dd32d52463af5e066c1065fbb6dc28dd68107a978c1c",
      },
      {
        path = "deps/libuv/src/strscpy.h",
        sha256 = "e3e5f81613b169ccd76eee4972d37e7cd5d875ac20d578467b2e42ee5c7f4051",
      },
      {
        path = "deps/libuv/src/strtok.c",
        sha256 = "fdcd8971cef7aff15ed950c8d71521888eb57ab48b62196e1f4170b4cf522d2c",
      },
      {
        path = "deps/libuv/src/strtok.h",
        sha256 = "2bb2ed731c7afb0efb14670854bc47fe435d72e93cb7b5a1ba99fc5d0548467f",
      },
      {
        path = "deps/libuv/src/thread-common.c",
        sha256 = "0ce1ce99b53c1e453439fae0be62c417fca8a1850cd97be65ace5b36b306a7b9",
      },
      {
        path = "deps/libuv/src/threadpool.c",
        sha256 = "28b4db439ee75e1bbb0661fcb1bf7619fd4414e69fb6e9bf348f6b887a7fcbe4",
      },
      {
        path = "deps/libuv/src/timer.c",
        sha256 = "5a2326203a3ac21b16093e0928db393e00caf919c1ede5316ac7174b72daf217",
      },
      {
        path = "deps/libuv/src/unix/aix-common.c",
        sha256 = "61a1cbb342c5e334622ba194927ec9cff8642e5dea7c5972c17f531123c3ebcf",
      },
      {
        path = "deps/libuv/src/unix/aix.c",
        sha256 = "73b42ac93f889bcdcda7e70f0bdc64401c1b309b6098e6a3e3ea82838fc5f90c",
      },
      {
        path = "deps/libuv/src/unix/async.c",
        sha256 = "36e631e4c64ed1102ee82a4aadb329abb0ffa1397058f149a90b606bd61bf199",
      },
      {
        path = "deps/libuv/src/unix/bsd-ifaddrs.c",
        sha256 = "4ef5cd279dad0f334fe3db09e6d48c35325d7f25e8c534f919eae68651b829ce",
      },
      {
        path = "deps/libuv/src/unix/bsd-proctitle.c",
        sha256 = "1897f0eb92302dd75a1f2ea48118aaaae2c275ea9ed2f102007bb3debdbffb00",
      },
      {
        path = "deps/libuv/src/unix/core.c",
        sha256 = "8cc1d3ba363cde7a1a7c11e4d355276953b9bbb68fec5df82d9294f397816401",
      },
      {
        path = "deps/libuv/src/unix/cygwin.c",
        sha256 = "37adeb8e987535f9585883cdee0403cad0af4a9d7cf384401ae968f72b80a8b1",
      },
      {
        path = "deps/libuv/src/unix/darwin-proctitle.c",
        sha256 = "f68470f2a5ee9361d49083f0ec4c42e2a01a082907f9be983f31ab405e77b49d",
      },
      {
        path = "deps/libuv/src/unix/darwin-stub.h",
        sha256 = "d397fe8920a057dbf335b5eb91c82122e0f0b61281cd0dcb9fd45420bd9de7d8",
      },
      {
        path = "deps/libuv/src/unix/darwin-syscalls.h",
        sha256 = "9edc5b8872c8c718cffd43b02ff9730276f7f55d7585f9c080e0065c08aaa872",
      },
      {
        path = "deps/libuv/src/unix/darwin.c",
        sha256 = "d95414274c066bdafbf320a1d62e40914c11beeb743b235efae0a674edd7b830",
      },
      {
        path = "deps/libuv/src/unix/dl.c",
        sha256 = "fe5d987911461b7f680474ee3886884a6f3325dff0a4bc038734a088ee227ff1",
      },
      {
        path = "deps/libuv/src/unix/freebsd.c",
        sha256 = "39a81bbe51f4007af20c75c4385a2b235b40ccdaf1edda6bb56d556102a71af6",
      },
      {
        path = "deps/libuv/src/unix/fs.c",
        sha256 = "7406d729f667053febfac84fa1fed6f9423ecead70ec2d05b060f92f360ed19c",
      },
      {
        path = "deps/libuv/src/unix/fsevents.c",
        sha256 = "6d6b9e50ac30ce6c4d0ac046352fc308229f36774b092c3e4e99f434f50d5ca3",
      },
      {
        path = "deps/libuv/src/unix/getaddrinfo.c",
        sha256 = "6f15537acbf7dfd95ca3a16f83aca1935347949512d204443c95d7500c4c8583",
      },
      {
        path = "deps/libuv/src/unix/getnameinfo.c",
        sha256 = "558b560c07b47db60cd04b182cbe10ced589753a904197a9120440fc23be61e5",
      },
      {
        path = "deps/libuv/src/unix/haiku.c",
        sha256 = "9b14ba20e072d2d4b36200c3c91e476ab28d34c0ee9fe6f9ef65f2f0e88f901b",
      },
      {
        path = "deps/libuv/src/unix/hurd.c",
        sha256 = "16b53fdde1ae273690bccfa8b7c3c4c22a72c4f4bc8773622dcc2344d7eb5987",
      },
      {
        path = "deps/libuv/src/unix/ibmi.c",
        sha256 = "0cad81d2820791f189ce16ac908258eea11a57ac2caabe4263343d53012a69e3",
      },
      {
        path = "deps/libuv/src/unix/internal.h",
        sha256 = "ed5369f63bb327f23aa5214be18715da279b0a0cd9e9ba615d4e9a768b515c4d",
      },
      {
        path = "deps/libuv/src/unix/kqueue.c",
        sha256 = "d535fbed2b9beeb3c7afb939ff066601db98cecfb4642396732fff3d83d82660",
      },
      {
        path = "deps/libuv/src/unix/linux.c",
        sha256 = "5dd80fe90aad5f9ec729be4e49a54d84a72b4a2b2ffc49a047ace092f129f695",
      },
      {
        path = "deps/libuv/src/unix/loop-watcher.c",
        sha256 = "352e6272f340f424fba5ff6e28705b0b22c3a8903913d0ea6bbb6ba7c2293fb5",
      },
      {
        path = "deps/libuv/src/unix/loop.c",
        sha256 = "2226f6b5747b90d9013238ac9de70d63dc084dce2fc60005af99412a4ee670e4",
      },
      {
        path = "deps/libuv/src/unix/netbsd.c",
        sha256 = "1f9479148b091dfc89c23e1c59e33c9571618f64484d5fbfcb98b2a0266d7762",
      },
      {
        path = "deps/libuv/src/unix/no-fsevents.c",
        sha256 = "9d91a46c8477fd7145eac8b668da1041a69f5b12812b18888ad3eae85397d987",
      },
      {
        path = "deps/libuv/src/unix/no-proctitle.c",
        sha256 = "65a37c263a39f59943856e3d6bf2119692cfaacdde13f05112411cd3edd15ec5",
      },
      {
        path = "deps/libuv/src/unix/openbsd.c",
        sha256 = "9a73e10b2b47caf8b56095b7640c7b953b7ba576a80cbfc654f0f215969c5232",
      },
      {
        path = "deps/libuv/src/unix/os390-proctitle.c",
        sha256 = "627cd81bf8925ced5e39ededce1fa50c9b77dba581a35383113a1520e015478d",
      },
      {
        path = "deps/libuv/src/unix/os390-syscalls.c",
        sha256 = "76c5779fa2be1665b8d82c1e010eb37a9b216f8bdbdbd1a48f8c4f8985edc3d6",
      },
      {
        path = "deps/libuv/src/unix/os390-syscalls.h",
        sha256 = "a0f585c827df219b526b9786caebc8c21fd4db9ea8d568c07264f24a266cd4f9",
      },
      {
        path = "deps/libuv/src/unix/os390.c",
        sha256 = "6fd18fd4d6b64c3c6a19c75186bf3f5a6bad71424ed0928887b3409dcc8b7cdd",
      },
      {
        path = "deps/libuv/src/unix/pipe.c",
        sha256 = "b338d8c1e72706281079aaf2ddbfb94512cef4dc2253c24b7af82a4f3f487b42",
      },
      {
        path = "deps/libuv/src/unix/poll.c",
        sha256 = "1251826732affd254647829bb43bcdf5bc251915dac601b9eadea13f237b7c79",
      },
      {
        path = "deps/libuv/src/unix/posix-hrtime.c",
        sha256 = "e0b6901588b417222c48c6b321d642f53f6b3ccd2512d86f3f5898dcd95b3671",
      },
      {
        path = "deps/libuv/src/unix/posix-poll.c",
        sha256 = "38fc6a7020e482fedf29ab82b5fd77308748b9d1b4179e733672befafbcb9f16",
      },
      {
        path = "deps/libuv/src/unix/process.c",
        sha256 = "e79f9bd90787011d59d9395f46658caca2ca01d1daad84c36e3b86eba50a4a52",
      },
      {
        path = "deps/libuv/src/unix/procfs-exepath.c",
        sha256 = "56136e384f79f6691f8cc2976cd01d0a02019802d4be619d7c91cb21d413ada6",
      },
      {
        path = "deps/libuv/src/unix/proctitle.c",
        sha256 = "16ff3c208dcce3798dc80bf596828a93f6ac42b1732e1ba75c331dfa3e90fffe",
      },
      {
        path = "deps/libuv/src/unix/qnx.c",
        sha256 = "5ee4ead0d2f4ccafa6b44a9a8e091f3e1a1f4f0ea9411f59cb6f7d83cedc5c02",
      },
      {
        path = "deps/libuv/src/unix/random-devurandom.c",
        sha256 = "e774597ce4da739ad57317041aa0aaf00ae48b04f2359940188ab04475613420",
      },
      {
        path = "deps/libuv/src/unix/random-getentropy.c",
        sha256 = "9bf7967967b6609810f42c72229edd086890864d4b78ed8c3269064a72769fe3",
      },
      {
        path = "deps/libuv/src/unix/random-getrandom.c",
        sha256 = "149b6b2b9b9213f1355651c618e17b4dd2599ccafa1619ac3a8d7916a471f2a5",
      },
      {
        path = "deps/libuv/src/unix/random-sysctl-linux.c",
        sha256 = "c5a344dfdd20029700c0686c3ca685e8e67931fa2a35d84b01b10b5a8ad812a0",
      },
      {
        path = "deps/libuv/src/unix/signal.c",
        sha256 = "d6e74aa544ea4adfd57a6fbbf452f831a0fb3030873dd37e65205610174fbc94",
      },
      {
        path = "deps/libuv/src/unix/stream.c",
        sha256 = "736cd948a28acdb1544dd683becd78fb744e79de55562229da54923b20f41c7c",
      },
      {
        path = "deps/libuv/src/unix/sunos.c",
        sha256 = "174d7999154d409ff6700cfa13743773fae7b6bbc716b6a3ba0ab35c3c700e29",
      },
      {
        path = "deps/libuv/src/unix/sysinfo-loadavg.c",
        sha256 = "cd11de556cfa6371860a694e2d302037349d94b7b446506e721d412e97ea0334",
      },
      {
        path = "deps/libuv/src/unix/sysinfo-memory.c",
        sha256 = "d0fc16262a6406a9dd547044895475d9a3b1f1e11bb3b23e4880cf5945121272",
      },
      {
        path = "deps/libuv/src/unix/tcp.c",
        sha256 = "ab401c3846448501842b4c5a1973beceab00955aebecbbc05e64b71472f19053",
      },
      {
        path = "deps/libuv/src/unix/thread.c",
        sha256 = "ff6670ab46d110e819ec788d8bb52ce4ec9e571b005157497c887b625e0d9a29",
      },
      {
        path = "deps/libuv/src/unix/tty.c",
        sha256 = "65b98df1215c32ddd87e7b89e2d8d78c7e79a02e2bf4a53e1860f61d00bf431a",
      },
      {
        path = "deps/libuv/src/unix/udp.c",
        sha256 = "fde20ab4b6952b306b31d95cb5bc3b6c767761d292bfdeb062cb3df916b10c39",
      },
      {
        path = "deps/libuv/src/uv-common.c",
        sha256 = "77a095249d0ff54053f435a7cc28daade68f8e67ad6f7ac95105901edce7fdf8",
      },
      {
        path = "deps/libuv/src/uv-common.h",
        sha256 = "6ddce7ca203fe0dd293d1eec658745ca6a2d24386b3a02edaf2a15cf94732ee6",
      },
      {
        path = "deps/libuv/src/uv-data-getter-setters.c",
        sha256 = "ce7fab84519adc0f9b63c268fcb5a73e643a4d9a22db125cf58db88a6acd38ee",
      },
      {
        path = "deps/libuv/src/version.c",
        sha256 = "53296d9934d952545064673758e3ed46c10ab52e34ce540fbab4c595a0b44bfa",
      },
      {
        path = "deps/libuv/src/win/async.c",
        sha256 = "cfb1f1e500e3b012f80b90a1e55a45b5f9c5fe7d070368a2a95e0eff661450d1",
      },
      {
        path = "deps/libuv/src/win/core.c",
        sha256 = "b4e4f38d30c8c50cc5c2850c2512cb2fb43865236f3b7cfddc566b60ce9918a1",
      },
      {
        path = "deps/libuv/src/win/detect-wakeup.c",
        sha256 = "914143627a1a97fafbf64a71564dce389a877b2e5aa9797f12dbc2811bd71d7a",
      },
      {
        path = "deps/libuv/src/win/dl.c",
        sha256 = "2b5c586518c6e3b02108e5a47c0ae481a5059dbd2af4031bcc5402b16b013048",
      },
      {
        path = "deps/libuv/src/win/error.c",
        sha256 = "c804f3da1436393d1170688cb9d0210638174c0f1af03013360a7d0a7eb945a8",
      },
      {
        path = "deps/libuv/src/win/fs-event.c",
        sha256 = "f9916b4ceea11409e34908e79254c029f55f493f4338b49d557cd55e7922c0aa",
      },
      {
        path = "deps/libuv/src/win/fs-fd-hash-inl.h",
        sha256 = "2baf0886b443d529c5c70f3ff85be0f667da59582d93603b64f6a54ca92ac14b",
      },
      {
        path = "deps/libuv/src/win/fs.c",
        sha256 = "41633b8f58bb08c21f2dc8daa32990365e2df7154bb167a076e470339a218d18",
      },
      {
        path = "deps/libuv/src/win/getaddrinfo.c",
        sha256 = "dcef491fbb292b2fda6d7256c0f1222d79dd2507fd7875bd84aee95e558ab5db",
      },
      {
        path = "deps/libuv/src/win/getnameinfo.c",
        sha256 = "c002f8d434ea01952671117dcc4f36bcb74cebcaf4f16b60de997afecfdac39b",
      },
      {
        path = "deps/libuv/src/win/handle-inl.h",
        sha256 = "e590c46ef6bf5110be61015db784d515fcef34f9dfde61b674af1c28413eabc0",
      },
      {
        path = "deps/libuv/src/win/handle.c",
        sha256 = "36778077a3ad0fb0ee55ccdba904e7393f74601be72be989110be4ee26ff753d",
      },
      {
        path = "deps/libuv/src/win/internal.h",
        sha256 = "28de9aed84ec2dbb75e7eb18f270fa6fa3f080b16034e6a3d0b349a7d14bfe1a",
      },
      {
        path = "deps/libuv/src/win/loop-watcher.c",
        sha256 = "b349a8ebf8f330418f7d15739441fdbd648b96ae7c4161a3d1145494a0c46c3a",
      },
      {
        path = "deps/libuv/src/win/pipe.c",
        sha256 = "a712502b4bc71ad994e1c639fcba386ac1748ab8dcb693038d0203dbdbfe107a",
      },
      {
        path = "deps/libuv/src/win/poll.c",
        sha256 = "d0711a1433e870d5a776def8b4934a2b60cb3ed17e86aa77f5f97aa4ef4d36bb",
      },
      {
        path = "deps/libuv/src/win/process-stdio.c",
        sha256 = "7367280da2315b8cf16d42870a972164763b1967f8e39bd141b27726237872d8",
      },
      {
        path = "deps/libuv/src/win/process.c",
        sha256 = "3613437d5b1511789fe4ea9ba6c3ab228c9d42a8d2eec56227f6d6919e917d91",
      },
      {
        path = "deps/libuv/src/win/req-inl.h",
        sha256 = "45e14fd58e531759c8130f1617cbccac69b463e8ab980664dc16202bb0600742",
      },
      {
        path = "deps/libuv/src/win/signal.c",
        sha256 = "7cbe1ec895c1fa5c974e6d59e55e6a6d7180e9c83ffbffa12691c24c44fdf1f0",
      },
      {
        path = "deps/libuv/src/win/snprintf.c",
        sha256 = "2596b168ad64f54e94b95779f654326c107f43e0645efa11185f8e9b04ec2f6f",
      },
      {
        path = "deps/libuv/src/win/stream-inl.h",
        sha256 = "071341e25de533dc19eeb3ee3ff3985caae7578c8da9109ffcf08b6574584712",
      },
      {
        path = "deps/libuv/src/win/stream.c",
        sha256 = "f93f5f69b8538adee8a830bf4ed61ce666eb777cf3bfb364f26796b51a3f71e8",
      },
      {
        path = "deps/libuv/src/win/tcp.c",
        sha256 = "86b3e81df0dd401cee22bfa921e9ef44ceceb62cd01b3a3f0cf830c61361c9a1",
      },
      {
        path = "deps/libuv/src/win/thread.c",
        sha256 = "672c9fe0ac40b9b87c0c4eb8b9320ab9410385ddf0aa57ac071f33d86a3cfb91",
      },
      {
        path = "deps/libuv/src/win/tty.c",
        sha256 = "5df3f88899bc4c6d85f80b54d4f4f14453359996a2c42693de38ef90c5b9941d",
      },
      {
        path = "deps/libuv/src/win/udp.c",
        sha256 = "18266936d7b2dd7a84efc019a47d1aa620c09eaf29fba67ff185ab39b4272591",
      },
      {
        path = "deps/libuv/src/win/util.c",
        sha256 = "cf857ce678c492c52b79782c980156e38b98f3167d117f0db1c3287be605a9a5",
      },
      {
        path = "deps/libuv/src/win/winapi.c",
        sha256 = "9a54878daa60d6ca1acc3dc6032dee8803325cf9cd1c0aaa241a5c8d510ed201",
      },
      {
        path = "deps/libuv/src/win/winapi.h",
        sha256 = "d44fed6bb0c7576eb20706d69a975ea1359f9cfcd017df6ae6cf7e4adbb60f54",
      },
      {
        path = "deps/libuv/src/win/winsock.c",
        sha256 = "f9621966b332d29926ac6471b0aa08ef4f46be0b58cde852155592dc4de88590",
      },
      {
        path = "deps/libuv/src/win/winsock.h",
        sha256 = "ab759f6d8dc22dbffae7e4eceebd1aaffa31173f64f135c0f51e9eebff11e0e5",
      },
    },
    spec_files = {
      "include/**",
      "src/**",
      "CMakeLists.txt",
      "configure.ac",
      "libuv-static.pc.in",
    },
    url = "https://github.com/libuv/libuv.git",
  },
  llhttp = {
    archive_sha256 = "86a8c16759fdcc7aa2c9841fbe8ba2e77ea98be7d5d45615f2604776d0ff78c7",
    dest = "deps/llhttp",
    files = {
      {
        path = "deps/llhttp/.gitignore",
        sha256 = "d118cf9e6a25026dcd748402d3b30a1bcd40be31ff4e50176049b2e5dd66b379",
      },
      {
        path = "deps/llhttp/CMakeLists.txt",
        sha256 = "717ce10a560875a6bbf639a5b2ae48b6a1707a96f6c621fe2e9b576cddb2be48",
      },
      {
        path = "deps/llhttp/LICENSE",
        sha256 = "628168d68bb5a8a17e0bbefb3bd74e326e1edc20583d76f52f457c82c921867d",
      },
      {
        path = "deps/llhttp/LICENSE-MIT",
        sha256 = "ebca854e0134cd256d673627c20499f42577eb74bacf08b9f25b626a73c91277",
      },
      {
        path = "deps/llhttp/README.md",
        sha256 = "0d52c46bd4df4bb4dfa9af808a170ef34c03d6bbcd07ace5fd03869804f7c88c",
      },
      {
        path = "deps/llhttp/cmake/llhttpConfig.cmake.in",
        sha256 = "dd22c39c7e6f9c08c64127c07217c689ad45b0a116b324a20b70ce32eae565e9",
      },
      {
        path = "deps/llhttp/common.gypi",
        sha256 = "1919f4e07942b292aeef3517027ebb3bfa622da23b4c0a9d43e64503d0197731",
      },
      {
        path = "deps/llhttp/include/llhttp.h",
        sha256 = "bd75fa96fd616565a236f61d733894be5beab6338aa23bcc77d9a9b28197447b",
      },
      {
        path = "deps/llhttp/libllhttp.pc.in",
        sha256 = "da9fcba148203c88879e152579036e9e5e1ca3f9862e3b445542ae960cce2209",
      },
      {
        path = "deps/llhttp/llhttp.gyp",
        sha256 = "b7ff2f4064bc761d1ad0e7fb28964ab4cc5dd4ff817288162f785f9d42f4454e",
      },
      {
        path = "deps/llhttp/src/api.c",
        sha256 = "0f8590206fe2f264db2825401b5fb856b979ee1363dc88b06f36dc9577afb941",
      },
      {
        path = "deps/llhttp/src/http.c",
        sha256 = "a1f2b23168f8e9b5bfa464c89027d3ca259fc649ae3d7e72bfff997d1aeb5d72",
      },
      {
        path = "deps/llhttp/src/llhttp.c",
        sha256 = "785862c39fcb8e2c1585778d55b4ec86a7044cf4cb158ff8054c2caedfc75648",
      },
    },
    url = "https://github.com/nodejs/llhttp/archive/refs/tags/release/v9.4.1.tar.gz",
  },
  lockfile_version = 1,
}
