-- deps.lock — generated by cdeps. Do not edit by hand.
return {
  ecewo = {
    commit = "4f6efd7e96cb1083615307a4cc4d88044a4a44af",
    dest = "deps/ecewo",
    tree_sha256 = "0c45d20558aa4f0ae80e2978adaddbff4bde551566949acf933237dc19213928",
    url = "https://github.com/ecewo/ecewo.git",
  },
  ["ecewo-fs"] = {
    commit = "66497c9ab4283893d212210c867889a61015456e",
    dest = "deps/ecewo-fs",
    tree_sha256 = "2a3b2088650602b049e0e3ec396d7773586b4c6191e9ae61fa3b11c12acb9ac9",
    url = "https://github.com/ecewo/ecewo-fs.git",
  },
  ["ecewo-static"] = {
    commit = "44762d11de5ed912e5b14a135b97fbcec31a61ed",
    dest = "deps/ecewo-static",
    tree_sha256 = "3b2e5124729c3dff31ce12a50511314343b3aedab6167a241eb283b54daedf30",
    url = "https://github.com/ecewo/ecewo-static.git",
  },
  lockfile_version = 1,
}
