-- deps.lock — generated by cdeps. Do not edit by hand.
return {
  cbase = {
    branch = "master",
    commit = "d0df427c45deb8fad7e5f1e4f9fb33a8a7bfc11f",
    dest = "deps",
    files = {
      {
        path = "deps/base.h",
        sha256 = "b2721ba2cd59d243f25cf283f2eb01dbe55cc1f684fe0651e5b50c26fa95d889",
      },
    },
    spec_files = {
      "lib/base.h",
    },
    url = "https://github.com/timwmillard/cbase.git",
  },
  lockfile_version = 1,
  ["sqlite-amalgamation-3530300"] = {
    archive_sha256 = "646421e12aac110282ef8cc68f1a62d4bb15fc7b8f09da0b53e29ee690500431",
    dest = "deps",
    files = {
      {
        path = "deps/sqlite3.c",
        sha256 = "87497ab605bedd0dbee27a209c1eeff8c89b229b13f921a7efdbb81a13f779fd",
      },
      {
        path = "deps/sqlite3.h",
        sha256 = "4ff81af4849acabc76fc8349abb926814395072617ca18e08800abf734ab7612",
      },
    },
    spec_files = {
      "sqlite3.c",
      "sqlite3.h",
    },
    url = "https://sqlite.org/2026/sqlite-amalgamation-3530300.zip",
  },
}
