-- deps.lock — generated by cdeps. Do not edit by hand.
return {
  cbase = {
    branch = "master",
    commit = "d0df427c45deb8fad7e5f1e4f9fb33a8a7bfc11f",
    dest = "deps",
    files = {
      {
        path = "deps/base.h",
        sha256 = "b2721ba2cd59d243f25cf283f2eb01dbe55cc1f684fe0651e5b50c26fa95d889",
      },
    },
    spec_files = {
      "lib/base.h",
    },
    url = "https://github.com/timwmillard/cbase.git",
  },
  lockfile_version = 1,
}
