-- deps.lock — generated by cdeps. Do not edit by hand.
return {
  cbase = {
    branch = "master",
    commit = "78a8e6c7c3318aecacab32ab9d0304c622ccaba4",
    dest = "deps",
    files = {
      {
        path = "deps/base.h",
        sha256 = "0d945136cc4212258cfbdb6e734e82075da0bf1a560ba61c4b6f7d00fdd4bc7a",
      },
    },
    spec_files = {
      "lib/base.h",
    },
    url = "https://github.com/timwmillard/cbase.git",
  },
  lockfile_version = 1,
  tlse = {
    commit = "3b215a149fb650298dd36f5abab9a42e3bd63439",
    dest = "deps/tlse",
    tree_sha256 = "fc9a76e9eb0a0a02af14e95a64bc53cbb2141e46079a9784e51c863d2bc94bc5",
    url = "https://github.com/eduardsui/tlse.git",
  },
}
