-- deps.lock — generated by cdeps. Do not edit by hand.
return {
  cbase = {
    commit = "9fc5027a6c6302d75922fbf240b2315c9118fe14",
    dest = "deps",
    files = {
      {
        path = "deps/base.h",
        sha256 = "0d945136cc4212258cfbdb6e734e82075da0bf1a560ba61c4b6f7d00fdd4bc7a",
      },
    },
    spec_files = {
      "lib/base.h",
    },
    url = "https://github.com/timwmillard/cbase.git",
  },
  lockfile_version = 1,
  picohttpparser = {
    commit = "f4d94b48b31e0abae029ebeafcfd9ca0680ede58",
    dest = "deps",
    files = {
      {
        path = "deps/picohttpparser.c",
        sha256 = "ddada2e27e9010f678a68a93a08fc13dee32178cc497b602322d80900eb94044",
      },
      {
        path = "deps/picohttpparser.h",
        sha256 = "1fc9074dd12418b2b91e55ef3a8279bccf8d3577b790dea6f2f908ab2a157f1c",
      },
    },
    spec_files = {
      "picohttpparser.c",
      "picohttpparser.h",
    },
    url = "https://github.com/h2o/picohttpparser.git",
  },
  tlse = {
    commit = "32d063c8d3ba1fdfebc2ce537562e388e68ba568",
    dest = "deps/tlse",
    tree_sha256 = "53dadf30b78bbe48f141fd7980fec3f0866ac0407f6e2c1ca2f795da77f30a21",
    url = "https://github.com/eduardsui/tlse.git",
  },
}
