-- deps.lock — generated by cdeps. Do not edit by hand.
return {
  lockfile_version = 1,
  sokol = {
    commit = "28f9d8d44d92dab8536791a9f7d13d7e911a2b39",
    dest = "deps",
    files = {
      {
        path = "deps/sokol_app.h",
        sha256 = "ea8c1ed8befbea9c2aced9d2517b2f9d93bfdac712ca4f3e0ab2613890477126",
      },
      {
        path = "deps/sokol_gfx.h",
        sha256 = "63d9b88aeddd78beaaad65f16e9cdf08a24745a0a60a924b502aece7b4ebfec3",
      },
      {
        path = "deps/sokol_glue.h",
        sha256 = "6ecc6b6f5def33c30aac09bc266633b73979d767eefa8e0c379f2eeacc7ae067",
      },
    },
    spec_files = {
      "sokol_app.h",
      "sokol_gfx.h",
      "sokol_glue.h",
    },
    url = "https://github.com/floooh/sokol.git",
  },
}
