-- deps.lock — generated by cdeps. Do not edit by hand.
return {
  cimgui = {
    branch = "docking_inter",
    commit = "053280dfff63a74cc56a3e493671bee4bb6c60e4",
    dest = "deps/cimgui",
    files = {
      {
        path = "deps/cimgui/cimconfig.h",
        sha256 = "3db6deb29d83a43e4411ad6e681a579baa842d0d93ac7257b78161768ca2726b",
      },
      {
        path = "deps/cimgui/cimgui.cpp",
        sha256 = "803634dbd4440df691b70dd0e86c63801e439b9da498dcd1fbadf74b040aa9af",
      },
      {
        path = "deps/cimgui/cimgui.h",
        sha256 = "7173d757b3154f788f187dfe19a6b94c47ceff0e462514cdedec2a0130b43651",
      },
      {
        path = "deps/cimgui/imgui/imconfig.h",
        sha256 = "1353bfa59da16eec481723fd4e5d910356f0406b79e3c4142e0c9867bafffab5",
      },
      {
        path = "deps/cimgui/imgui/imgui.cpp",
        sha256 = "49cca8475198925b69b128985148f29eb37db689a49c7c6f0dba6d2fac5415bd",
      },
      {
        path = "deps/cimgui/imgui/imgui.h",
        sha256 = "da6d77803fc8963ca6a6826d6d6d08e3be74fdd7f527841b90858e3e545bb478",
      },
      {
        path = "deps/cimgui/imgui/imgui_demo.cpp",
        sha256 = "55f93411ac9f1bdbff5a95cd266b9d1db491dad48d2e7782ec434c3d39331043",
      },
      {
        path = "deps/cimgui/imgui/imgui_draw.cpp",
        sha256 = "6814299d0618749a6fc73b0259a42bd6c2eabf5b55c0bfef293bfdcda68155af",
      },
      {
        path = "deps/cimgui/imgui/imgui_internal.h",
        sha256 = "f72ec91731b9114a6cee203f575582b9859825a4f66836cf32cc7e70488c7aa6",
      },
      {
        path = "deps/cimgui/imgui/imgui_tables.cpp",
        sha256 = "33b5146f5eb362605a166e532b336d1955579743eab719d96241a163a21222eb",
      },
      {
        path = "deps/cimgui/imgui/imgui_widgets.cpp",
        sha256 = "7b46ca08ca95e046aa57a88d2838933843851348a42f3a738d57ebdaa2f5c682",
      },
      {
        path = "deps/cimgui/imgui/imstb_rectpack.h",
        sha256 = "889b396795202d1457560a797a7242e96f6f132d4b88ca2d69be58bf05e1771f",
      },
      {
        path = "deps/cimgui/imgui/imstb_textedit.h",
        sha256 = "a985f5fa0ed97353d493b497961e9eef52082edcd045cf6954b69990ec9d0741",
      },
      {
        path = "deps/cimgui/imgui/imstb_truetype.h",
        sha256 = "c51a0f7e7ea760f2366bd3752635ec58e21fccfec4a832501639990ba6ce0528",
      },
    },
    spec_files = {
      "cimconfig.h",
      "cimgui.h",
      "cimgui.cpp",
      "imgui/imconfig.h",
      "imgui/imgui.h",
      "imgui/imgui.cpp",
      "imgui/imgui_demo.cpp",
      "imgui/imgui_draw.cpp",
      "imgui/imgui_internal.h",
      "imgui/imgui_tables.cpp",
      "imgui/imgui_widgets.cpp",
      "imgui/imstb_rectpack.h",
      "imgui/imstb_textedit.h",
      "imgui/imstb_truetype.h",
    },
    url = "https://github.com/cimgui/cimgui.git",
  },
  cimplot = {
    commit = "999ce3e173aa0d7b5a3d08d6727dda028b7e8e25",
    dest = "deps/cimplot",
    files = {
      {
        path = "deps/cimplot/cimplot.cpp",
        sha256 = "77660cc3746d4885d767aaf1bac54673148d272e806650cbcc6cc3fdb69ced8e",
      },
      {
        path = "deps/cimplot/cimplot.h",
        sha256 = "f9d402612490cd2e7f054cb6b64ca8b6af64f2a780148d89cd328cc98b3c6aa3",
      },
      {
        path = "deps/cimplot/implot/implot.cpp",
        sha256 = "3ccb0b445ff0db3b20b72bb5f260f4047762f5e77c2ff96c039617ca37db88bc",
      },
      {
        path = "deps/cimplot/implot/implot.h",
        sha256 = "a5646b3caad4dd010e467b33b081bdf2af39a899e569b05c2a3388da04f24b60",
      },
      {
        path = "deps/cimplot/implot/implot_demo.cpp",
        sha256 = "eeaff1e7bbe332680141cd0ce2d571e929117e8551c3ea38895098e349ebad6d",
      },
      {
        path = "deps/cimplot/implot/implot_internal.h",
        sha256 = "6a2f5f34da35fbca0e74e276dc02a41defd88f46e41d061f839ab1d316814403",
      },
      {
        path = "deps/cimplot/implot/implot_items.cpp",
        sha256 = "c2af2484a052c3350b0f7291805568a90cfb57b488864944796733c9d47030af",
      },
    },
    spec_files = {
      "cimplot.h",
      "cimplot.cpp",
      "implot/implot.h",
      "implot/implot.cpp",
      "implot/implot_items.cpp",
      "implot/implot_internal.h",
      "implot/implot_demo.cpp",
    },
    url = "https://github.com/cimgui/cimplot.git",
  },
  lockfile_version = 1,
  sokol = {
    commit = "28f9d8d44d92dab8536791a9f7d13d7e911a2b39",
    dest = "deps",
    files = {
      {
        path = "deps/sokol_app.h",
        sha256 = "ea8c1ed8befbea9c2aced9d2517b2f9d93bfdac712ca4f3e0ab2613890477126",
      },
      {
        path = "deps/sokol_gfx.h",
        sha256 = "63d9b88aeddd78beaaad65f16e9cdf08a24745a0a60a924b502aece7b4ebfec3",
      },
      {
        path = "deps/sokol_glue.h",
        sha256 = "6ecc6b6f5def33c30aac09bc266633b73979d767eefa8e0c379f2eeacc7ae067",
      },
      {
        path = "deps/sokol_imgui.h",
        sha256 = "33f0206baca178795f29cd9c571dcc6a7fa18b9966f22e42575b283358096354",
      },
      {
        path = "deps/sokol_log.h",
        sha256 = "b1bf1403c738b8f18b09819d9190ac160298dd590440c9df57cb9d90b77eb29d",
      },
    },
    spec_files = {
      "sokol_app.h",
      "sokol_gfx.h",
      "sokol_glue.h",
      "sokol_log.h",
      "util/sokol_imgui.h",
    },
    url = "https://github.com/floooh/sokol.git",
  },
}
